
Microsoft Visual Studio Solution File, Format Version 12.00
# Visual Studio Version 16
VisualStudioVersion = 16.0.32802.440
MinimumVisualStudioVersion = 10.0.40219.1
Project("{FAE04EC0-301F-11D3-BF4B-00C04F79EFBC}") = "ContactManager", "ContactManager.csproj", "{07AF6F6C-E799-4A85-95B7-8715DF0089CA}"
EndProject
Global
	GlobalSection(SolutionConfigurationPlatforms) = preSolution
		Debug|Any CPU = Debug|Any CPU
		Release|Any CPU = Release|Any CPU
	EndGlobalSection
	GlobalSection(ProjectConfigurationPlatforms) = postSolution
		{07AF6F6C-E799-4A85-95B7-8715DF0089CA}.Debug|Any CPU.ActiveCfg = Debug|Any CPU
		{07AF6F6C-E799-4A85-95B7-8715DF0089CA}.Debug|Any CPU.Build.0 = Debug|Any CPU
		{07AF6F6C-E799-4A85-95B7-8715DF0089CA}.Release|Any CPU.ActiveCfg = Release|Any CPU
		{07AF6F6C-E799-4A85-95B7-8715DF0089CA}.Release|Any CPU.Build.0 = Release|Any CPU
	EndGlobalSection
	GlobalSection(SolutionProperties) = preSolution
		HideSolutionNode = FALSE
	EndGlobalSection
	GlobalSection(ExtensibilityGlobals) = postSolution
		SolutionGuid = {1B964702-EE32-48E9-BC30-ED211D926BF6}
	EndGlobalSection
EndGlobal
